// !$*UTF8*$!
{
	archiveVersion = 1;
	classes = {
	};
	objectVersion = 51;
	objects = {

/* Begin PBXBuildFile section */
		431076CF215A49F0008F170F /* ContentPaddingViewController.swift in Sources */ = {isa = PBXBuildFile; fileRef = 431076CE215A49F0008F170F /* ContentPaddingViewController.swift */; };
		431076D1215A50F1008F170F /* ControlSettingsViewController.swift in Sources */ = {isa = PBXBuildFile; fileRef = 431076D0215A50F1008F170F /* ControlSettingsViewController.swift */; };
		431076D5215A6DE5008F170F /* GestureSettingsViewController.swift in Sources */ = {isa = PBXBuildFile; fileRef = 431076D4215A6DE5008F170F /* GestureSettingsViewController.swift */; };
		431076D8215A7068008F170F /* MapClickEventViewController.swift in Sources */ = {isa = PBXBuildFile; fileRef = 431076D7215A7068008F170F /* MapClickEventViewController.swift */; };
		431076DA215A74C3008F170F /* MapEvent.storyboard in Resources */ = {isa = PBXBuildFile; fileRef = 431076D9215A74C3008F170F /* MapEvent.storyboard */; };
		431076DC215A79A5008F170F /* OverlayClickEventViewController.swift in Sources */ = {isa = PBXBuildFile; fileRef = 431076DB215A79A5008F170F /* OverlayClickEventViewController.swift */; };
		431076DE215A8231008F170F /* SymbolClickEventViewController.swift in Sources */ = {isa = PBXBuildFile; fileRef = 431076DD215A8231008F170F /* SymbolClickEventViewController.swift */; };
		431AF93E214668050031DCDE /* PolygonOverlayViewController.swift in Sources */ = {isa = PBXBuildFile; fileRef = 431AF93D214668050031DCDE /* PolygonOverlayViewController.swift */; };
		431AF940214677160031DCDE /* PolylineOverlayViewController.swift in Sources */ = {isa = PBXBuildFile; fileRef = 431AF93F214677160031DCDE /* PolylineOverlayViewController.swift */; };
		431AF94221467A860031DCDE /* CircleOverlayViewController.swift in Sources */ = {isa = PBXBuildFile; fileRef = 431AF94121467A860031DCDE /* CircleOverlayViewController.swift */; };
		431AF94421467E300031DCDE /* LocationOverlayViewController.swift in Sources */ = {isa = PBXBuildFile; fileRef = 431AF94321467E300031DCDE /* LocationOverlayViewController.swift */; };
		4354C6EB2140C796009F431B /* InfoWindowViewController.swift in Sources */ = {isa = PBXBuildFile; fileRef = 4354C6EA2140C796009F431B /* InfoWindowViewController.swift */; };
		437A24F32277DAC300A71181 /* ProjectionViewController.swift in Sources */ = {isa = PBXBuildFile; fileRef = 437A24F22277DAC300A71181 /* ProjectionViewController.swift */; };
		437F476F2152511A00FCADB7 /* DisplayOptionsViewController.swift in Sources */ = {isa = PBXBuildFile; fileRef = 437F476E2152511A00FCADB7 /* DisplayOptionsViewController.swift */; };
		438AA5E9213D416A004D1053 /* AppDelegate.swift in Sources */ = {isa = PBXBuildFile; fileRef = 438AA5E8213D416A004D1053 /* AppDelegate.swift */; };
		438AA5EB213D416A004D1053 /* MasterViewController.swift in Sources */ = {isa = PBXBuildFile; fileRef = 438AA5EA213D416A004D1053 /* MasterViewController.swift */; };
		438AA5ED213D416A004D1053 /* DetailViewController.swift in Sources */ = {isa = PBXBuildFile; fileRef = 438AA5EC213D416A004D1053 /* DetailViewController.swift */; };
		438AA5F0213D416A004D1053 /* Main.storyboard in Resources */ = {isa = PBXBuildFile; fileRef = 438AA5EE213D416A004D1053 /* Main.storyboard */; };
		438AA5F2213D416B004D1053 /* Assets.xcassets in Resources */ = {isa = PBXBuildFile; fileRef = 438AA5F1213D416B004D1053 /* Assets.xcassets */; };
		438AA5F5213D416B004D1053 /* LaunchScreen.storyboard in Resources */ = {isa = PBXBuildFile; fileRef = 438AA5F3213D416B004D1053 /* LaunchScreen.storyboard */; };
		438AA613213D4D8C004D1053 /* MapViewController.swift in Sources */ = {isa = PBXBuildFile; fileRef = 438AA612213D4D8C004D1053 /* MapViewController.swift */; };
		438AA615213D4DAB004D1053 /* Basic.storyboard in Resources */ = {isa = PBXBuildFile; fileRef = 438AA614213D4DAB004D1053 /* Basic.storyboard */; };
		4390A88421551DC90008CDC8 /* MinMaxZoomViewController.swift in Sources */ = {isa = PBXBuildFile; fileRef = 4390A88221551DC90008CDC8 /* MinMaxZoomViewController.swift */; };
		4390A88721551DDE0008CDC8 /* MapOptions.storyboard in Resources */ = {isa = PBXBuildFile; fileRef = 4390A88621551DDE0008CDC8 /* MapOptions.storyboard */; };
		4390A88921551EED0008CDC8 /* ExtentViewController.swift in Sources */ = {isa = PBXBuildFile; fileRef = 4390A88821551EED0008CDC8 /* ExtentViewController.swift */; };
		43C3C00B2272AABB004E0C5F /* CustomInfoWindowViewController.swift in Sources */ = {isa = PBXBuildFile; fileRef = 43C3C00A2272AABB004E0C5F /* CustomInfoWindowViewController.swift */; };
		43C3C00D2272B54B004E0C5F /* CustomInfoWindowView.xib in Resources */ = {isa = PBXBuildFile; fileRef = 43C3C00C2272B54B004E0C5F /* CustomInfoWindowView.xib */; };
		43C3E9402147D0A4008E955B /* GroundOverlayViewController.swift in Sources */ = {isa = PBXBuildFile; fileRef = 43C3E93F2147D0A4008E955B /* GroundOverlayViewController.swift */; };
		43C3E9422147D2CF008E955B /* PathOverlayViewController.swift in Sources */ = {isa = PBXBuildFile; fileRef = 43C3E9412147D2CF008E955B /* PathOverlayViewController.swift */; };
		43C516882154D31200D36718 /* IndoorMapViewController.swift in Sources */ = {isa = PBXBuildFile; fileRef = 43C516872154D31200D36718 /* IndoorMapViewController.swift */; };
		43C5168A2154D55D00D36718 /* NightModeViewController.swift in Sources */ = {isa = PBXBuildFile; fileRef = 43C516892154D55D00D36718 /* NightModeViewController.swift */; };
		43C5169F215507DE00D36718 /* LocaleViewController.swift in Sources */ = {isa = PBXBuildFile; fileRef = 43C5169E215507DE00D36718 /* LocaleViewController.swift */; };
		43D47775221EBE3300BC051C /* TileCoverHelperViewController.swift in Sources */ = {isa = PBXBuildFile; fileRef = 43D47774221EBE3300BC051C /* TileCoverHelperViewController.swift */; };
		43D95ACA213FA01F00F19CE1 /* MarkerViewController.swift in Sources */ = {isa = PBXBuildFile; fileRef = 43D95AC9213FA01F00F19CE1 /* MarkerViewController.swift */; };
		43D95ACC213FA03000F19CE1 /* Overlay.storyboard in Resources */ = {isa = PBXBuildFile; fileRef = 43D95ACB213FA03000F19CE1 /* Overlay.storyboard */; };
		43D95ACE213FB4E000F19CE1 /* OverlayCollisionViewController.swift in Sources */ = {isa = PBXBuildFile; fileRef = 43D95ACD213FB4E000F19CE1 /* OverlayCollisionViewController.swift */; };
		43DB1E70214A0A0800A54EE2 /* Map.storyboard in Resources */ = {isa = PBXBuildFile; fileRef = 43DB1E6F214A0A0800A54EE2 /* Map.storyboard */; };
		43DB1E72214A0AF500A54EE2 /* MapTypesAndLayerGroupsViewController.swift in Sources */ = {isa = PBXBuildFile; fileRef = 43DB1E71214A0AF500A54EE2 /* MapTypesAndLayerGroupsViewController.swift */; };
		43DEFE8B2148B53A00B1505E /* MultipartPathOverlayViewController.swift in Sources */ = {isa = PBXBuildFile; fileRef = 43DEFE8A2148B53A00B1505E /* MultipartPathOverlayViewController.swift */; };
		43DFD1422148E8A3008C77C5 /* Camera.storyboard in Resources */ = {isa = PBXBuildFile; fileRef = 43DFD1412148E8A3008C77C5 /* Camera.storyboard */; };
		43DFD1442148E8DF008C77C5 /* CameraMoveViewController.swift in Sources */ = {isa = PBXBuildFile; fileRef = 43DFD1432148E8DF008C77C5 /* CameraMoveViewController.swift */; };
		43DFD14A2148FA7C008C77C5 /* CameraAnimationsViewController.swift in Sources */ = {isa = PBXBuildFile; fileRef = 43DFD1492148FA7C008C77C5 /* CameraAnimationsViewController.swift */; };
		43DFD14C2148FF67008C77C5 /* CameraUpdateParamsViewController.swift in Sources */ = {isa = PBXBuildFile; fileRef = 43DFD14B2148FF67008C77C5 /* CameraUpdateParamsViewController.swift */; };
		43DFD14E214907D9008C77C5 /* FitBoundsViewController.swift in Sources */ = {isa = PBXBuildFile; fileRef = 43DFD14D214907D9008C77C5 /* FitBoundsViewController.swift */; };
		43DFD15021490A87008C77C5 /* CameraEventViewController.swift in Sources */ = {isa = PBXBuildFile; fileRef = 43DFD14F21490A87008C77C5 /* CameraEventViewController.swift */; };
		43E2CA2F216B7305003E08BD /* ArrowheadPathOverlayViewController.swift in Sources */ = {isa = PBXBuildFile; fileRef = 43E2CA2E216B7305003E08BD /* ArrowheadPathOverlayViewController.swift */; };
		43EE85A5218FE2C800C99297 /* LICENSE in Resources */ = {isa = PBXBuildFile; fileRef = 43EE85A4218FE2C800C99297 /* LICENSE */; };
		43F5EED02161AE0900244E08 /* LocationTrackingViewController.swift in Sources */ = {isa = PBXBuildFile; fileRef = 43F5EECF2161AE0900244E08 /* LocationTrackingViewController.swift */; };
		43F5EED22161AE3500244E08 /* SnapShotViewController.swift in Sources */ = {isa = PBXBuildFile; fileRef = 43F5EED12161AE3500244E08 /* SnapShotViewController.swift */; };
		43F5EED42161AE7E00244E08 /* PickAllViewController.swift in Sources */ = {isa = PBXBuildFile; fileRef = 43F5EED32161AE7E00244E08 /* PickAllViewController.swift */; };
		43F5EEE02161E3F600244E08 /* Misc.storyboard in Resources */ = {isa = PBXBuildFile; fileRef = 43F5EEDF2161E3F600244E08 /* Misc.storyboard */; };
		43F9639B2199792E009DAF98 /* LiteModeViewController.swift in Sources */ = {isa = PBXBuildFile; fileRef = 43F9639A2199792E009DAF98 /* LiteModeViewController.swift */; };
		65C64E065DF0D57DE744F7B1 /* Pods_NaverMapDemo.framework in Frameworks */ = {isa = PBXBuildFile; fileRef = 9F277FB9E2802C4CCC628766 /* Pods_NaverMapDemo.framework */; };
		CE12305C21F5C3E100A9B9FC /* GlobalZIndexViewController.swift in Sources */ = {isa = PBXBuildFile; fileRef = CE12305B21F5C3E100A9B9FC /* GlobalZIndexViewController.swift */; };
		CE13A1D7238FAEF800CB412D /* OverlayMinMaxZoomController.swift in Sources */ = {isa = PBXBuildFile; fileRef = CE13A1D6238FAEF800CB412D /* OverlayMinMaxZoomController.swift */; };
		CE1A6BC62536EDD1008EF8AA /* NMapsMap.framework in Frameworks */ = {isa = PBXBuildFile; fileRef = CE1A6BC52536EDD1008EF8AA /* NMapsMap.framework */; };
		CE59BCBB23E9638100038596 /* CustomInfoWindowView.swift in Sources */ = {isa = PBXBuildFile; fileRef = CE59BCBA23E9638100038596 /* CustomInfoWindowView.swift */; };
		CE59BCBE23E963D800038596 /* CustomInfoWindowDataSource.swift in Sources */ = {isa = PBXBuildFile; fileRef = CE59BCBD23E963D800038596 /* CustomInfoWindowDataSource.swift */; };
		CE5BB40123BB16F000FF24A3 /* ZoomLevelView.xib in Resources */ = {isa = PBXBuildFile; fileRef = CE5BB40023BB16F000FF24A3 /* ZoomLevelView.xib */; };
		CE5BB40323BB17A200FF24A3 /* ZoomLevelView.swift in Sources */ = {isa = PBXBuildFile; fileRef = CE5BB40223BB17A200FF24A3 /* ZoomLevelView.swift */; };
		CE5BB40523BB264900FF24A3 /* NibLoadable.swift in Sources */ = {isa = PBXBuildFile; fileRef = CE5BB40423BB264900FF24A3 /* NibLoadable.swift */; };
		CE76D7D523C2FF860007F0D6 /* CustomControlLayoutViewController.swift in Sources */ = {isa = PBXBuildFile; fileRef = CE76D7D423C2FF860007F0D6 /* CustomControlLayoutViewController.swift */; };
		CEFA47D7239DF3D500835034 /* MapViewCreatedInCodeController.swift in Sources */ = {isa = PBXBuildFile; fileRef = CEFA47D6239DF3D500835034 /* MapViewCreatedInCodeController.swift */; };
/* End PBXBuildFile section */

/* Begin PBXCopyFilesBuildPhase section */
		CE1A6BC82536EDD2008EF8AA /* Embed Frameworks */ = {
			isa = PBXCopyFilesBuildPhase;
			buildActionMask = 2147483647;
			dstPath = "";
			dstSubfolderSpec = 10;
			files = (
			);
			name = "Embed Frameworks";
			runOnlyForDeploymentPostprocessing = 0;
		};
/* End PBXCopyFilesBuildPhase section */

/* Begin PBXFileReference section */
		2A071A197FD189DE6B8AE134 /* Pods-NaverMapDemo.release.xcconfig */ = {isa = PBXFileReference; includeInIndex = 1; lastKnownFileType = text.xcconfig; name = "Pods-NaverMapDemo.release.xcconfig"; path = "Target Support Files/Pods-NaverMapDemo/Pods-NaverMapDemo.release.xcconfig"; sourceTree = "<group>"; };
		431076CE215A49F0008F170F /* ContentPaddingViewController.swift */ = {isa = PBXFileReference; lastKnownFileType = sourcecode.swift; path = ContentPaddingViewController.swift; sourceTree = "<group>"; };
		431076D0215A50F1008F170F /* ControlSettingsViewController.swift */ = {isa = PBXFileReference; lastKnownFileType = sourcecode.swift; path = ControlSettingsViewController.swift; sourceTree = "<group>"; };
		431076D4215A6DE5008F170F /* GestureSettingsViewController.swift */ = {isa = PBXFileReference; lastKnownFileType = sourcecode.swift; path = GestureSettingsViewController.swift; sourceTree = "<group>"; };
		431076D7215A7068008F170F /* MapClickEventViewController.swift */ = {isa = PBXFileReference; lastKnownFileType = sourcecode.swift; path = MapClickEventViewController.swift; sourceTree = "<group>"; };
		431076D9215A74C3008F170F /* MapEvent.storyboard */ = {isa = PBXFileReference; lastKnownFileType = file.storyboard; path = MapEvent.storyboard; sourceTree = "<group>"; };
		431076DB215A79A5008F170F /* OverlayClickEventViewController.swift */ = {isa = PBXFileReference; lastKnownFileType = sourcecode.swift; path = OverlayClickEventViewController.swift; sourceTree = "<group>"; };
		431076DD215A8231008F170F /* SymbolClickEventViewController.swift */ = {isa = PBXFileReference; lastKnownFileType = sourcecode.swift; path = SymbolClickEventViewController.swift; sourceTree = "<group>"; };
		431AF93D214668050031DCDE /* PolygonOverlayViewController.swift */ = {isa = PBXFileReference; lastKnownFileType = sourcecode.swift; path = PolygonOverlayViewController.swift; sourceTree = "<group>"; };
		431AF93F214677160031DCDE /* PolylineOverlayViewController.swift */ = {isa = PBXFileReference; lastKnownFileType = sourcecode.swift; path = PolylineOverlayViewController.swift; sourceTree = "<group>"; };
		431AF94121467A860031DCDE /* CircleOverlayViewController.swift */ = {isa = PBXFileReference; lastKnownFileType = sourcecode.swift; path = CircleOverlayViewController.swift; sourceTree = "<group>"; };
		431AF94321467E300031DCDE /* LocationOverlayViewController.swift */ = {isa = PBXFileReference; lastKnownFileType = sourcecode.swift; path = LocationOverlayViewController.swift; sourceTree = "<group>"; };
		4354C6EA2140C796009F431B /* InfoWindowViewController.swift */ = {isa = PBXFileReference; lastKnownFileType = sourcecode.swift; path = InfoWindowViewController.swift; sourceTree = "<group>"; };
		437A24F22277DAC300A71181 /* ProjectionViewController.swift */ = {isa = PBXFileReference; lastKnownFileType = sourcecode.swift; path = ProjectionViewController.swift; sourceTree = "<group>"; };
		437F476E2152511A00FCADB7 /* DisplayOptionsViewController.swift */ = {isa = PBXFileReference; lastKnownFileType = sourcecode.swift; path = DisplayOptionsViewController.swift; sourceTree = "<group>"; };
		438AA5E5213D416A004D1053 /* NaverMapDemo dev.app */ = {isa = PBXFileReference; explicitFileType = wrapper.application; includeInIndex = 0; path = "NaverMapDemo dev.app"; sourceTree = BUILT_PRODUCTS_DIR; };
		438AA5E8213D416A004D1053 /* AppDelegate.swift */ = {isa = PBXFileReference; lastKnownFileType = sourcecode.swift; path = AppDelegate.swift; sourceTree = "<group>"; };
		438AA5EA213D416A004D1053 /* MasterViewController.swift */ = {isa = PBXFileReference; lastKnownFileType = sourcecode.swift; path = MasterViewController.swift; sourceTree = "<group>"; };
		438AA5EC213D416A004D1053 /* DetailViewController.swift */ = {isa = PBXFileReference; lastKnownFileType = sourcecode.swift; path = DetailViewController.swift; sourceTree = "<group>"; };
		438AA5EF213D416A004D1053 /* Base */ = {isa = PBXFileReference; lastKnownFileType = file.storyboard; name = Base; path = Base.lproj/Main.storyboard; sourceTree = "<group>"; };
		438AA5F1213D416B004D1053 /* Assets.xcassets */ = {isa = PBXFileReference; lastKnownFileType = folder.assetcatalog; path = Assets.xcassets; sourceTree = "<group>"; };
		438AA5F4213D416B004D1053 /* Base */ = {isa = PBXFileReference; lastKnownFileType = file.storyboard; name = Base; path = Base.lproj/LaunchScreen.storyboard; sourceTree = "<group>"; };
		438AA5F6213D416B004D1053 /* Info.plist */ = {isa = PBXFileReference; lastKnownFileType = text.plist.xml; path = Info.plist; sourceTree = "<group>"; };
		438AA600213D41A5004D1053 /* NMapsMap.framework */ = {isa = PBXFileReference; explicitFileType = wrapper.framework; path = NMapsMap.framework; sourceTree = BUILT_PRODUCTS_DIR; };
		438AA612213D4D8C004D1053 /* MapViewController.swift */ = {isa = PBXFileReference; lastKnownFileType = sourcecode.swift; path = MapViewController.swift; sourceTree = "<group>"; };
		438AA614213D4DAB004D1053 /* Basic.storyboard */ = {isa = PBXFileReference; lastKnownFileType = file.storyboard; path = Basic.storyboard; sourceTree = "<group>"; };
		4390A88221551DC90008CDC8 /* MinMaxZoomViewController.swift */ = {isa = PBXFileReference; lastKnownFileType = sourcecode.swift; path = MinMaxZoomViewController.swift; sourceTree = "<group>"; };
		4390A88621551DDE0008CDC8 /* MapOptions.storyboard */ = {isa = PBXFileReference; lastKnownFileType = file.storyboard; path = MapOptions.storyboard; sourceTree = "<group>"; };
		4390A88821551EED0008CDC8 /* ExtentViewController.swift */ = {isa = PBXFileReference; lastKnownFileType = sourcecode.swift; path = ExtentViewController.swift; sourceTree = "<group>"; };
		43C3C00A2272AABB004E0C5F /* CustomInfoWindowViewController.swift */ = {isa = PBXFileReference; lastKnownFileType = sourcecode.swift; path = CustomInfoWindowViewController.swift; sourceTree = "<group>"; };
		43C3C00C2272B54B004E0C5F /* CustomInfoWindowView.xib */ = {isa = PBXFileReference; lastKnownFileType = file.xib; path = CustomInfoWindowView.xib; sourceTree = "<group>"; };
		43C3E93F2147D0A4008E955B /* GroundOverlayViewController.swift */ = {isa = PBXFileReference; lastKnownFileType = sourcecode.swift; path = GroundOverlayViewController.swift; sourceTree = "<group>"; };
		43C3E9412147D2CF008E955B /* PathOverlayViewController.swift */ = {isa = PBXFileReference; lastKnownFileType = sourcecode.swift; path = PathOverlayViewController.swift; sourceTree = "<group>"; };
		43C516872154D31200D36718 /* IndoorMapViewController.swift */ = {isa = PBXFileReference; lastKnownFileType = sourcecode.swift; path = IndoorMapViewController.swift; sourceTree = "<group>"; };
		43C516892154D55D00D36718 /* NightModeViewController.swift */ = {isa = PBXFileReference; lastKnownFileType = sourcecode.swift; path = NightModeViewController.swift; sourceTree = "<group>"; };
		43C5169E215507DE00D36718 /* LocaleViewController.swift */ = {isa = PBXFileReference; lastKnownFileType = sourcecode.swift; path = LocaleViewController.swift; sourceTree = "<group>"; };
		43CF14A622698719000F48FA /* zh-Hans */ = {isa = PBXFileReference; lastKnownFileType = text.plist.strings; name = "zh-Hans"; path = "zh-Hans.lproj/Main.strings"; sourceTree = "<group>"; };
		43CF14A72269871A000F48FA /* zh-Hans */ = {isa = PBXFileReference; lastKnownFileType = text.plist.strings; name = "zh-Hans"; path = "zh-Hans.lproj/LaunchScreen.strings"; sourceTree = "<group>"; };
		43CF14A822698727000F48FA /* ko */ = {isa = PBXFileReference; lastKnownFileType = text.plist.strings; name = ko; path = ko.lproj/Main.strings; sourceTree = "<group>"; };
		43CF14A922698727000F48FA /* ko */ = {isa = PBXFileReference; lastKnownFileType = text.plist.strings; name = ko; path = ko.lproj/LaunchScreen.strings; sourceTree = "<group>"; };
		43CF14AA2269872E000F48FA /* ja */ = {isa = PBXFileReference; lastKnownFileType = text.plist.strings; name = ja; path = ja.lproj/Main.strings; sourceTree = "<group>"; };
		43CF14AB2269872E000F48FA /* ja */ = {isa = PBXFileReference; lastKnownFileType = text.plist.strings; name = ja; path = ja.lproj/LaunchScreen.strings; sourceTree = "<group>"; };
		43D47774221EBE3300BC051C /* TileCoverHelperViewController.swift */ = {isa = PBXFileReference; lastKnownFileType = sourcecode.swift; path = TileCoverHelperViewController.swift; sourceTree = "<group>"; };
		43D95AC9213FA01F00F19CE1 /* MarkerViewController.swift */ = {isa = PBXFileReference; lastKnownFileType = sourcecode.swift; path = MarkerViewController.swift; sourceTree = "<group>"; };
		43D95ACB213FA03000F19CE1 /* Overlay.storyboard */ = {isa = PBXFileReference; lastKnownFileType = file.storyboard; path = Overlay.storyboard; sourceTree = "<group>"; };
		43D95ACD213FB4E000F19CE1 /* OverlayCollisionViewController.swift */ = {isa = PBXFileReference; lastKnownFileType = sourcecode.swift; path = OverlayCollisionViewController.swift; sourceTree = "<group>"; };
		43DB1E6F214A0A0800A54EE2 /* Map.storyboard */ = {isa = PBXFileReference; lastKnownFileType = file.storyboard; path = Map.storyboard; sourceTree = "<group>"; };
		43DB1E71214A0AF500A54EE2 /* MapTypesAndLayerGroupsViewController.swift */ = {isa = PBXFileReference; lastKnownFileType = sourcecode.swift; path = MapTypesAndLayerGroupsViewController.swift; sourceTree = "<group>"; };
		43DEFE8A2148B53A00B1505E /* MultipartPathOverlayViewController.swift */ = {isa = PBXFileReference; lastKnownFileType = sourcecode.swift; path = MultipartPathOverlayViewController.swift; sourceTree = "<group>"; };
		43DFD1412148E8A3008C77C5 /* Camera.storyboard */ = {isa = PBXFileReference; lastKnownFileType = file.storyboard; path = Camera.storyboard; sourceTree = "<group>"; };
		43DFD1432148E8DF008C77C5 /* CameraMoveViewController.swift */ = {isa = PBXFileReference; lastKnownFileType = sourcecode.swift; path = CameraMoveViewController.swift; sourceTree = "<group>"; };
		43DFD1492148FA7C008C77C5 /* CameraAnimationsViewController.swift */ = {isa = PBXFileReference; lastKnownFileType = sourcecode.swift; path = CameraAnimationsViewController.swift; sourceTree = "<group>"; };
		43DFD14B2148FF67008C77C5 /* CameraUpdateParamsViewController.swift */ = {isa = PBXFileReference; lastKnownFileType = sourcecode.swift; path = CameraUpdateParamsViewController.swift; sourceTree = "<group>"; };
		43DFD14D214907D9008C77C5 /* FitBoundsViewController.swift */ = {isa = PBXFileReference; lastKnownFileType = sourcecode.swift; path = FitBoundsViewController.swift; sourceTree = "<group>"; };
		43DFD14F21490A87008C77C5 /* CameraEventViewController.swift */ = {isa = PBXFileReference; lastKnownFileType = sourcecode.swift; path = CameraEventViewController.swift; sourceTree = "<group>"; };
		43E2CA2E216B7305003E08BD /* ArrowheadPathOverlayViewController.swift */ = {isa = PBXFileReference; fileEncoding = 4; lastKnownFileType = sourcecode.swift; path = ArrowheadPathOverlayViewController.swift; sourceTree = "<group>"; };
		43EE85A4218FE2C800C99297 /* LICENSE */ = {isa = PBXFileReference; lastKnownFileType = text; path = LICENSE; sourceTree = "<group>"; };
		43F5EECF2161AE0900244E08 /* LocationTrackingViewController.swift */ = {isa = PBXFileReference; lastKnownFileType = sourcecode.swift; path = LocationTrackingViewController.swift; sourceTree = "<group>"; };
		43F5EED12161AE3500244E08 /* SnapShotViewController.swift */ = {isa = PBXFileReference; lastKnownFileType = sourcecode.swift; path = SnapShotViewController.swift; sourceTree = "<group>"; };
		43F5EED32161AE7E00244E08 /* PickAllViewController.swift */ = {isa = PBXFileReference; lastKnownFileType = sourcecode.swift; path = PickAllViewController.swift; sourceTree = "<group>"; };
		43F5EEDF2161E3F600244E08 /* Misc.storyboard */ = {isa = PBXFileReference; lastKnownFileType = file.storyboard; path = Misc.storyboard; sourceTree = "<group>"; };
		43F9639A2199792E009DAF98 /* LiteModeViewController.swift */ = {isa = PBXFileReference; fileEncoding = 4; lastKnownFileType = sourcecode.swift; path = LiteModeViewController.swift; sourceTree = "<group>"; };
		5F38F409A51067FCC087361E /* Pods-NaverMapDemo.debug.xcconfig */ = {isa = PBXFileReference; includeInIndex = 1; lastKnownFileType = text.xcconfig; name = "Pods-NaverMapDemo.debug.xcconfig"; path = "Target Support Files/Pods-NaverMapDemo/Pods-NaverMapDemo.debug.xcconfig"; sourceTree = "<group>"; };
		9F277FB9E2802C4CCC628766 /* Pods_NaverMapDemo.framework */ = {isa = PBXFileReference; explicitFileType = wrapper.framework; includeInIndex = 0; path = Pods_NaverMapDemo.framework; sourceTree = BUILT_PRODUCTS_DIR; };
		CE12305B21F5C3E100A9B9FC /* GlobalZIndexViewController.swift */ = {isa = PBXFileReference; lastKnownFileType = sourcecode.swift; path = GlobalZIndexViewController.swift; sourceTree = "<group>"; };
		CE13A1D6238FAEF800CB412D /* OverlayMinMaxZoomController.swift */ = {isa = PBXFileReference; lastKnownFileType = sourcecode.swift; path = OverlayMinMaxZoomController.swift; sourceTree = "<group>"; };
		CE1A6BC52536EDD1008EF8AA /* NMapsMap.framework */ = {isa = PBXFileReference; lastKnownFileType = wrapper.framework; name = NMapsMap.framework; path = Pods/NMapsMap/framework/NMapsMap.framework; sourceTree = "<group>"; };
		CE59BCBA23E9638100038596 /* CustomInfoWindowView.swift */ = {isa = PBXFileReference; lastKnownFileType = sourcecode.swift; path = CustomInfoWindowView.swift; sourceTree = "<group>"; };
		CE59BCBD23E963D800038596 /* CustomInfoWindowDataSource.swift */ = {isa = PBXFileReference; lastKnownFileType = sourcecode.swift; path = CustomInfoWindowDataSource.swift; sourceTree = "<group>"; };
		CE5BB40023BB16F000FF24A3 /* ZoomLevelView.xib */ = {isa = PBXFileReference; lastKnownFileType = file.xib; path = ZoomLevelView.xib; sourceTree = "<group>"; };
		CE5BB40223BB17A200FF24A3 /* ZoomLevelView.swift */ = {isa = PBXFileReference; lastKnownFileType = sourcecode.swift; path = ZoomLevelView.swift; sourceTree = "<group>"; };
		CE5BB40423BB264900FF24A3 /* NibLoadable.swift */ = {isa = PBXFileReference; lastKnownFileType = sourcecode.swift; path = NibLoadable.swift; sourceTree = "<group>"; };
		CE76D7D423C2FF860007F0D6 /* CustomControlLayoutViewController.swift */ = {isa = PBXFileReference; lastKnownFileType = sourcecode.swift; path = CustomControlLayoutViewController.swift; sourceTree = "<group>"; };
		CEFA47D6239DF3D500835034 /* MapViewCreatedInCodeController.swift */ = {isa = PBXFileReference; fileEncoding = 4; lastKnownFileType = sourcecode.swift; path = MapViewCreatedInCodeController.swift; sourceTree = "<group>"; };
/* End PBXFileReference section */

/* Begin PBXFrameworksBuildPhase section */
		438AA5E2213D416A004D1053 /* Frameworks */ = {
			isa = PBXFrameworksBuildPhase;
			buildActionMask = 2147483647;
			files = (
				CE1A6BC62536EDD1008EF8AA /* NMapsMap.framework in Frameworks */,
				65C64E065DF0D57DE744F7B1 /* Pods_NaverMapDemo.framework in Frameworks */,
			);
			runOnlyForDeploymentPostprocessing = 0;
		};
/* End PBXFrameworksBuildPhase section */

/* Begin PBXGroup section */
		208DF4AB31A7CDBE194E7225 /* Pods */ = {
			isa = PBXGroup;
			children = (
				5F38F409A51067FCC087361E /* Pods-NaverMapDemo.debug.xcconfig */,
				2A071A197FD189DE6B8AE134 /* Pods-NaverMapDemo.release.xcconfig */,
			);
			path = Pods;
			sourceTree = "<group>";
		};
		431076D6215A7040008F170F /* Map Event */ = {
			isa = PBXGroup;
			children = (
				431076D9215A74C3008F170F /* MapEvent.storyboard */,
				431076D7215A7068008F170F /* MapClickEventViewController.swift */,
				431076DB215A79A5008F170F /* OverlayClickEventViewController.swift */,
				431076DD215A8231008F170F /* SymbolClickEventViewController.swift */,
			);
			name = "Map Event";
			sourceTree = "<group>";
		};
		4316068C2148E84700C5070E /* Camera */ = {
			isa = PBXGroup;
			children = (
				43DFD1412148E8A3008C77C5 /* Camera.storyboard */,
				43DFD1432148E8DF008C77C5 /* CameraMoveViewController.swift */,
				43DFD1492148FA7C008C77C5 /* CameraAnimationsViewController.swift */,
				43DFD14B2148FF67008C77C5 /* CameraUpdateParamsViewController.swift */,
				43DFD14D214907D9008C77C5 /* FitBoundsViewController.swift */,
				43DFD14F21490A87008C77C5 /* CameraEventViewController.swift */,
			);
			name = Camera;
			sourceTree = "<group>";
		};
		43268D69213F9B1B00523697 /* Overlay */ = {
			isa = PBXGroup;
			children = (
				CE59BCBC23E963C800038596 /* Model */,
				CE59BCB923E9636700038596 /* Views */,
				43D95ACB213FA03000F19CE1 /* Overlay.storyboard */,
				43D95AC9213FA01F00F19CE1 /* MarkerViewController.swift */,
				43D95ACD213FB4E000F19CE1 /* OverlayCollisionViewController.swift */,
				4354C6EA2140C796009F431B /* InfoWindowViewController.swift */,
				43C3C00A2272AABB004E0C5F /* CustomInfoWindowViewController.swift */,
				431AF93D214668050031DCDE /* PolygonOverlayViewController.swift */,
				431AF93F214677160031DCDE /* PolylineOverlayViewController.swift */,
				431AF94121467A860031DCDE /* CircleOverlayViewController.swift */,
				431AF94321467E300031DCDE /* LocationOverlayViewController.swift */,
				43C3E93F2147D0A4008E955B /* GroundOverlayViewController.swift */,
				43C3E9412147D2CF008E955B /* PathOverlayViewController.swift */,
				43DEFE8A2148B53A00B1505E /* MultipartPathOverlayViewController.swift */,
				43E2CA2E216B7305003E08BD /* ArrowheadPathOverlayViewController.swift */,
				CE13A1D6238FAEF800CB412D /* OverlayMinMaxZoomController.swift */,
				CE12305B21F5C3E100A9B9FC /* GlobalZIndexViewController.swift */,
			);
			name = Overlay;
			sourceTree = "<group>";
		};
		438AA5DC213D416A004D1053 = {
			isa = PBXGroup;
			children = (
				438AA600213D41A5004D1053 /* NMapsMap.framework */,
				438AA5E7213D416A004D1053 /* NaverMapDemo */,
				438AA5E6213D416A004D1053 /* Products */,
				208DF4AB31A7CDBE194E7225 /* Pods */,
				ED3F1C3B56A7F36F664CB684 /* Frameworks */,
			);
			sourceTree = "<group>";
		};
		438AA5E6213D416A004D1053 /* Products */ = {
			isa = PBXGroup;
			children = (
				438AA5E5213D416A004D1053 /* NaverMapDemo dev.app */,
			);
			name = Products;
			sourceTree = "<group>";
		};
		438AA5E7213D416A004D1053 /* NaverMapDemo */ = {
			isa = PBXGroup;
			children = (
				CE5BB3FF23BB16CB00FF24A3 /* CommonUI */,
				438AA611213D4D59004D1053 /* Basic */,
				43268D69213F9B1B00523697 /* Overlay */,
				4316068C2148E84700C5070E /* Camera */,
				43DB1E6E214A09E400A54EE2 /* Map */,
				4390A88121551DA30008CDC8 /* Map Options */,
				431076D6215A7040008F170F /* Map Event */,
				43F5EECE2161ADE100244E08 /* MISC */,
				43EE85A4218FE2C800C99297 /* LICENSE */,
				438AA5E8213D416A004D1053 /* AppDelegate.swift */,
				438AA5EA213D416A004D1053 /* MasterViewController.swift */,
				438AA5EC213D416A004D1053 /* DetailViewController.swift */,
				438AA5EE213D416A004D1053 /* Main.storyboard */,
				438AA5F1213D416B004D1053 /* Assets.xcassets */,
				438AA5F3213D416B004D1053 /* LaunchScreen.storyboard */,
				438AA5F6213D416B004D1053 /* Info.plist */,
			);
			path = NaverMapDemo;
			sourceTree = "<group>";
		};
		438AA611213D4D59004D1053 /* Basic */ = {
			isa = PBXGroup;
			children = (
				438AA614213D4DAB004D1053 /* Basic.storyboard */,
				438AA612213D4D8C004D1053 /* MapViewController.swift */,
				CEFA47D6239DF3D500835034 /* MapViewCreatedInCodeController.swift */,
			);
			name = Basic;
			sourceTree = "<group>";
		};
		4390A88121551DA30008CDC8 /* Map Options */ = {
			isa = PBXGroup;
			children = (
				4390A88621551DDE0008CDC8 /* MapOptions.storyboard */,
				4390A88221551DC90008CDC8 /* MinMaxZoomViewController.swift */,
				4390A88821551EED0008CDC8 /* ExtentViewController.swift */,
				431076CE215A49F0008F170F /* ContentPaddingViewController.swift */,
				431076D0215A50F1008F170F /* ControlSettingsViewController.swift */,
				CE76D7D423C2FF860007F0D6 /* CustomControlLayoutViewController.swift */,
				431076D4215A6DE5008F170F /* GestureSettingsViewController.swift */,
			);
			name = "Map Options";
			sourceTree = "<group>";
		};
		43DB1E6E214A09E400A54EE2 /* Map */ = {
			isa = PBXGroup;
			children = (
				43DB1E6F214A0A0800A54EE2 /* Map.storyboard */,
				43DB1E71214A0AF500A54EE2 /* MapTypesAndLayerGroupsViewController.swift */,
				437F476E2152511A00FCADB7 /* DisplayOptionsViewController.swift */,
				43C516872154D31200D36718 /* IndoorMapViewController.swift */,
				43C516892154D55D00D36718 /* NightModeViewController.swift */,
				43F9639A2199792E009DAF98 /* LiteModeViewController.swift */,
				43C5169E215507DE00D36718 /* LocaleViewController.swift */,
			);
			name = Map;
			sourceTree = "<group>";
		};
		43F5EECE2161ADE100244E08 /* MISC */ = {
			isa = PBXGroup;
			children = (
				43F5EEDF2161E3F600244E08 /* Misc.storyboard */,
				43F5EECF2161AE0900244E08 /* LocationTrackingViewController.swift */,
				437A24F22277DAC300A71181 /* ProjectionViewController.swift */,
				43F5EED12161AE3500244E08 /* SnapShotViewController.swift */,
				43F5EED32161AE7E00244E08 /* PickAllViewController.swift */,
				43D47774221EBE3300BC051C /* TileCoverHelperViewController.swift */,
			);
			name = MISC;
			sourceTree = "<group>";
		};
		CE59BCB923E9636700038596 /* Views */ = {
			isa = PBXGroup;
			children = (
				43C3C00C2272B54B004E0C5F /* CustomInfoWindowView.xib */,
				CE59BCBA23E9638100038596 /* CustomInfoWindowView.swift */,
			);
			name = Views;
			sourceTree = "<group>";
		};
		CE59BCBC23E963C800038596 /* Model */ = {
			isa = PBXGroup;
			children = (
				CE59BCBD23E963D800038596 /* CustomInfoWindowDataSource.swift */,
			);
			name = Model;
			sourceTree = "<group>";
		};
		CE5BB3FF23BB16CB00FF24A3 /* CommonUI */ = {
			isa = PBXGroup;
			children = (
				CE5BB40023BB16F000FF24A3 /* ZoomLevelView.xib */,
				CE5BB40223BB17A200FF24A3 /* ZoomLevelView.swift */,
				CE5BB40423BB264900FF24A3 /* NibLoadable.swift */,
			);
			name = CommonUI;
			sourceTree = "<group>";
		};
		ED3F1C3B56A7F36F664CB684 /* Frameworks */ = {
			isa = PBXGroup;
			children = (
				CE1A6BC52536EDD1008EF8AA /* NMapsMap.framework */,
				9F277FB9E2802C4CCC628766 /* Pods_NaverMapDemo.framework */,
			);
			name = Frameworks;
			sourceTree = "<group>";
		};
/* End PBXGroup section */

/* Begin PBXNativeTarget section */
		438AA5E4213D416A004D1053 /* NaverMapDemo */ = {
			isa = PBXNativeTarget;
			buildConfigurationList = 438AA5F9213D416B004D1053 /* Build configuration list for PBXNativeTarget "NaverMapDemo" */;
			buildPhases = (
				C1A4BCC0E55A16C1881A3F15 /* [CP] Check Pods Manifest.lock */,
				438AA5E1213D416A004D1053 /* Sources */,
				438AA5E2213D416A004D1053 /* Frameworks */,
				438AA5E3213D416A004D1053 /* Resources */,
				CE1A6BC82536EDD2008EF8AA /* Embed Frameworks */,
				0AB4705B362E3B48AF3F8FCE /* [CP] Embed Pods Frameworks */,
			);
			buildRules = (
			);
			dependencies = (
			);
			name = NaverMapDemo;
			productName = NaverMapDemo;
			productReference = 438AA5E5213D416A004D1053 /* NaverMapDemo dev.app */;
			productType = "com.apple.product-type.application";
		};
/* End PBXNativeTarget section */

/* Begin PBXProject section */
		438AA5DD213D416A004D1053 /* Project object */ = {
			isa = PBXProject;
			attributes = {
				LastSwiftUpdateCheck = 0940;
				LastUpgradeCheck = 0940;
				ORGANIZATIONNAME = NaverCorp;
				TargetAttributes = {
					438AA5E4213D416A004D1053 = {
						CreatedOnToolsVersion = 9.4.1;
						LastSwiftMigration = 1000;
					};
				};
			};
			buildConfigurationList = 438AA5E0213D416A004D1053 /* Build configuration list for PBXProject "NaverMapDemo" */;
			compatibilityVersion = "Xcode 9.3";
			developmentRegion = en;
			hasScannedForEncodings = 0;
			knownRegions = (
				en,
				Base,
				"zh-Hans",
				ko,
				ja,
			);
			mainGroup = 438AA5DC213D416A004D1053;
			productRefGroup = 438AA5E6213D416A004D1053 /* Products */;
			projectDirPath = "";
			projectRoot = "";
			targets = (
				438AA5E4213D416A004D1053 /* NaverMapDemo */,
			);
		};
/* End PBXProject section */

/* Begin PBXResourcesBuildPhase section */
		438AA5E3213D416A004D1053 /* Resources */ = {
			isa = PBXResourcesBuildPhase;
			buildActionMask = 2147483647;
			files = (
				438AA5F5213D416B004D1053 /* LaunchScreen.storyboard in Resources */,
				43DFD1422148E8A3008C77C5 /* Camera.storyboard in Resources */,
				43F5EEE02161E3F600244E08 /* Misc.storyboard in Resources */,
				CE5BB40123BB16F000FF24A3 /* ZoomLevelView.xib in Resources */,
				4390A88721551DDE0008CDC8 /* MapOptions.storyboard in Resources */,
				438AA615213D4DAB004D1053 /* Basic.storyboard in Resources */,
				43EE85A5218FE2C800C99297 /* LICENSE in Resources */,
				43DB1E70214A0A0800A54EE2 /* Map.storyboard in Resources */,
				43C3C00D2272B54B004E0C5F /* CustomInfoWindowView.xib in Resources */,
				438AA5F2213D416B004D1053 /* Assets.xcassets in Resources */,
				438AA5F0213D416A004D1053 /* Main.storyboard in Resources */,
				431076DA215A74C3008F170F /* MapEvent.storyboard in Resources */,
				43D95ACC213FA03000F19CE1 /* Overlay.storyboard in Resources */,
			);
			runOnlyForDeploymentPostprocessing = 0;
		};
/* End PBXResourcesBuildPhase section */

/* Begin PBXShellScriptBuildPhase section */
		0AB4705B362E3B48AF3F8FCE /* [CP] Embed Pods Frameworks */ = {
			isa = PBXShellScriptBuildPhase;
			buildActionMask = 2147483647;
			files = (
			);
			inputFileListPaths = (
				"${PODS_ROOT}/Target Support Files/Pods-NaverMapDemo/Pods-NaverMapDemo-frameworks-${CONFIGURATION}-input-files.xcfilelist",
			);
			name = "[CP] Embed Pods Frameworks";
			outputFileListPaths = (
				"${PODS_ROOT}/Target Support Files/Pods-NaverMapDemo/Pods-NaverMapDemo-frameworks-${CONFIGURATION}-output-files.xcfilelist",
			);
			runOnlyForDeploymentPostprocessing = 0;
			shellPath = /bin/sh;
			shellScript = "\"${PODS_ROOT}/Target Support Files/Pods-NaverMapDemo/Pods-NaverMapDemo-frameworks.sh\"\n";
			showEnvVarsInLog = 0;
		};
		C1A4BCC0E55A16C1881A3F15 /* [CP] Check Pods Manifest.lock */ = {
			isa = PBXShellScriptBuildPhase;
			buildActionMask = 2147483647;
			files = (
			);
			inputFileListPaths = (
			);
			inputPaths = (
				"${PODS_PODFILE_DIR_PATH}/Podfile.lock",
				"${PODS_ROOT}/Manifest.lock",
			);
			name = "[CP] Check Pods Manifest.lock";
			outputFileListPaths = (
			);
			outputPaths = (
				"$(DERIVED_FILE_DIR)/Pods-NaverMapDemo-checkManifestLockResult.txt",
			);
			runOnlyForDeploymentPostprocessing = 0;
			shellPath = /bin/sh;
			shellScript = "diff \"${PODS_PODFILE_DIR_PATH}/Podfile.lock\" \"${PODS_ROOT}/Manifest.lock\" > /dev/null\nif [ $? != 0 ] ; then\n    # print error to STDERR\n    echo \"error: The sandbox is not in sync with the Podfile.lock. Run 'pod install' or update your CocoaPods installation.\" >&2\n    exit 1\nfi\n# This output is used by Xcode 'outputs' to avoid re-running this script phase.\necho \"SUCCESS\" > \"${SCRIPT_OUTPUT_FILE_0}\"\n";
			showEnvVarsInLog = 0;
		};
/* End PBXShellScriptBuildPhase section */

/* Begin PBXSourcesBuildPhase section */
		438AA5E1213D416A004D1053 /* Sources */ = {
			isa = PBXSourcesBuildPhase;
			buildActionMask = 2147483647;
			files = (
				4390A88921551EED0008CDC8 /* ExtentViewController.swift in Sources */,
				43C516882154D31200D36718 /* IndoorMapViewController.swift in Sources */,
				43C5168A2154D55D00D36718 /* NightModeViewController.swift in Sources */,
				CE5BB40523BB264900FF24A3 /* NibLoadable.swift in Sources */,
				431076D8215A7068008F170F /* MapClickEventViewController.swift in Sources */,
				438AA5ED213D416A004D1053 /* DetailViewController.swift in Sources */,
				CE59BCBE23E963D800038596 /* CustomInfoWindowDataSource.swift in Sources */,
				CE13A1D7238FAEF800CB412D /* OverlayMinMaxZoomController.swift in Sources */,
				CE76D7D523C2FF860007F0D6 /* CustomControlLayoutViewController.swift in Sources */,
				438AA5EB213D416A004D1053 /* MasterViewController.swift in Sources */,
				438AA5E9213D416A004D1053 /* AppDelegate.swift in Sources */,
				43DFD14C2148FF67008C77C5 /* CameraUpdateParamsViewController.swift in Sources */,
				43C3E9402147D0A4008E955B /* GroundOverlayViewController.swift in Sources */,
				431076D5215A6DE5008F170F /* GestureSettingsViewController.swift in Sources */,
				43D47775221EBE3300BC051C /* TileCoverHelperViewController.swift in Sources */,
				43F5EED22161AE3500244E08 /* SnapShotViewController.swift in Sources */,
				43C3E9422147D2CF008E955B /* PathOverlayViewController.swift in Sources */,
				CE5BB40323BB17A200FF24A3 /* ZoomLevelView.swift in Sources */,
				43C3C00B2272AABB004E0C5F /* CustomInfoWindowViewController.swift in Sources */,
				CE12305C21F5C3E100A9B9FC /* GlobalZIndexViewController.swift in Sources */,
				431076D1215A50F1008F170F /* ControlSettingsViewController.swift in Sources */,
				43D95ACA213FA01F00F19CE1 /* MarkerViewController.swift in Sources */,
				431AF94421467E300031DCDE /* LocationOverlayViewController.swift in Sources */,
				43F5EED42161AE7E00244E08 /* PickAllViewController.swift in Sources */,
				431076DE215A8231008F170F /* SymbolClickEventViewController.swift in Sources */,
				431076CF215A49F0008F170F /* ContentPaddingViewController.swift in Sources */,
				43E2CA2F216B7305003E08BD /* ArrowheadPathOverlayViewController.swift in Sources */,
				43DEFE8B2148B53A00B1505E /* MultipartPathOverlayViewController.swift in Sources */,
				43DB1E72214A0AF500A54EE2 /* MapTypesAndLayerGroupsViewController.swift in Sources */,
				43DFD14E214907D9008C77C5 /* FitBoundsViewController.swift in Sources */,
				437F476F2152511A00FCADB7 /* DisplayOptionsViewController.swift in Sources */,
				4354C6EB2140C796009F431B /* InfoWindowViewController.swift in Sources */,
				43DFD1442148E8DF008C77C5 /* CameraMoveViewController.swift in Sources */,
				CE59BCBB23E9638100038596 /* CustomInfoWindowView.swift in Sources */,
				437A24F32277DAC300A71181 /* ProjectionViewController.swift in Sources */,
				43F5EED02161AE0900244E08 /* LocationTrackingViewController.swift in Sources */,
				43F9639B2199792E009DAF98 /* LiteModeViewController.swift in Sources */,
				438AA613213D4D8C004D1053 /* MapViewController.swift in Sources */,
				43C5169F215507DE00D36718 /* LocaleViewController.swift in Sources */,
				CEFA47D7239DF3D500835034 /* MapViewCreatedInCodeController.swift in Sources */,
				431AF94221467A860031DCDE /* CircleOverlayViewController.swift in Sources */,
				43D95ACE213FB4E000F19CE1 /* OverlayCollisionViewController.swift in Sources */,
				431076DC215A79A5008F170F /* OverlayClickEventViewController.swift in Sources */,
				43DFD15021490A87008C77C5 /* CameraEventViewController.swift in Sources */,
				431AF93E214668050031DCDE /* PolygonOverlayViewController.swift in Sources */,
				4390A88421551DC90008CDC8 /* MinMaxZoomViewController.swift in Sources */,
				43DFD14A2148FA7C008C77C5 /* CameraAnimationsViewController.swift in Sources */,
				431AF940214677160031DCDE /* PolylineOverlayViewController.swift in Sources */,
			);
			runOnlyForDeploymentPostprocessing = 0;
		};
/* End PBXSourcesBuildPhase section */

/* Begin PBXVariantGroup section */
		438AA5EE213D416A004D1053 /* Main.storyboard */ = {
			isa = PBXVariantGroup;
			children = (
				438AA5EF213D416A004D1053 /* Base */,
				43CF14A622698719000F48FA /* zh-Hans */,
				43CF14A822698727000F48FA /* ko */,
				43CF14AA2269872E000F48FA /* ja */,
			);
			name = Main.storyboard;
			sourceTree = "<group>";
		};
		438AA5F3213D416B004D1053 /* LaunchScreen.storyboard */ = {
			isa = PBXVariantGroup;
			children = (
				438AA5F4213D416B004D1053 /* Base */,
				43CF14A72269871A000F48FA /* zh-Hans */,
				43CF14A922698727000F48FA /* ko */,
				43CF14AB2269872E000F48FA /* ja */,
			);
			name = LaunchScreen.storyboard;
			sourceTree = "<group>";
		};
/* End PBXVariantGroup section */

/* Begin XCBuildConfiguration section */
		438AA5F7213D416B004D1053 /* Debug */ = {
			isa = XCBuildConfiguration;
			buildSettings = {
				ALWAYS_SEARCH_USER_PATHS = NO;
				CLANG_ANALYZER_LOCALIZABILITY_NONLOCALIZED = YES;
				CLANG_ANALYZER_NONNULL = YES;
				CLANG_ANALYZER_NUMBER_OBJECT_CONVERSION = YES_AGGRESSIVE;
				CLANG_CXX_LANGUAGE_STANDARD = "gnu++14";
				CLANG_CXX_LIBRARY = "libc++";
				CLANG_ENABLE_MODULES = YES;
				CLANG_ENABLE_OBJC_ARC = YES;
				CLANG_ENABLE_OBJC_WEAK = YES;
				CLANG_WARN_BLOCK_CAPTURE_AUTORELEASING = YES;
				CLANG_WARN_BOOL_CONVERSION = YES;
				CLANG_WARN_COMMA = YES;
				CLANG_WARN_CONSTANT_CONVERSION = YES;
				CLANG_WARN_DEPRECATED_OBJC_IMPLEMENTATIONS = YES;
				CLANG_WARN_DIRECT_OBJC_ISA_USAGE = YES_ERROR;
				CLANG_WARN_DOCUMENTATION_COMMENTS = YES;
				CLANG_WARN_EMPTY_BODY = YES;
				CLANG_WARN_ENUM_CONVERSION = YES;
				CLANG_WARN_INFINITE_RECURSION = YES;
				CLANG_WARN_INT_CONVERSION = YES;
				CLANG_WARN_NON_LITERAL_NULL_CONVERSION = YES;
				CLANG_WARN_OBJC_IMPLICIT_RETAIN_SELF = YES;
				CLANG_WARN_OBJC_LITERAL_CONVERSION = YES;
				CLANG_WARN_OBJC_ROOT_CLASS = YES_ERROR;
				CLANG_WARN_RANGE_LOOP_ANALYSIS = YES;
				CLANG_WARN_STRICT_PROTOTYPES = YES;
				CLANG_WARN_SUSPICIOUS_MOVE = YES;
				CLANG_WARN_UNGUARDED_AVAILABILITY = YES_AGGRESSIVE;
				CLANG_WARN_UNREACHABLE_CODE = YES;
				CLANG_WARN__DUPLICATE_METHOD_MATCH = YES;
				CODE_SIGN_IDENTITY = "iPhone Developer";
				COPY_PHASE_STRIP = NO;
				DEBUG_INFORMATION_FORMAT = dwarf;
				ENABLE_STRICT_OBJC_MSGSEND = YES;
				ENABLE_TESTABILITY = YES;
				GCC_C_LANGUAGE_STANDARD = gnu11;
				GCC_DYNAMIC_NO_PIC = NO;
				GCC_NO_COMMON_BLOCKS = YES;
				GCC_OPTIMIZATION_LEVEL = 0;
				GCC_PREPROCESSOR_DEFINITIONS = (
					"DEBUG=1",
					"$(inherited)",
				);
				GCC_WARN_64_TO_32_BIT_CONVERSION = YES;
				GCC_WARN_ABOUT_RETURN_TYPE = YES_ERROR;
				GCC_WARN_UNDECLARED_SELECTOR = YES;
				GCC_WARN_UNINITIALIZED_AUTOS = YES_AGGRESSIVE;
				GCC_WARN_UNUSED_FUNCTION = YES;
				GCC_WARN_UNUSED_VARIABLE = YES;
				IPHONEOS_DEPLOYMENT_TARGET = 9.0;
				MTL_ENABLE_DEBUG_INFO = YES;
				ONLY_ACTIVE_ARCH = YES;
				SDKROOT = iphoneos;
				SWIFT_ACTIVE_COMPILATION_CONDITIONS = DEBUG;
				SWIFT_OPTIMIZATION_LEVEL = "-Onone";
			};
			name = Debug;
		};
		438AA5F8213D416B004D1053 /* Release */ = {
			isa = XCBuildConfiguration;
			buildSettings = {
				ALWAYS_SEARCH_USER_PATHS = NO;
				CLANG_ANALYZER_LOCALIZABILITY_NONLOCALIZED = YES;
				CLANG_ANALYZER_NONNULL = YES;
				CLANG_ANALYZER_NUMBER_OBJECT_CONVERSION = YES_AGGRESSIVE;
				CLANG_CXX_LANGUAGE_STANDARD = "gnu++14";
				CLANG_CXX_LIBRARY = "libc++";
				CLANG_ENABLE_MODULES = YES;
				CLANG_ENABLE_OBJC_ARC = YES;
				CLANG_ENABLE_OBJC_WEAK = YES;
				CLANG_WARN_BLOCK_CAPTURE_AUTORELEASING = YES;
				CLANG_WARN_BOOL_CONVERSION = YES;
				CLANG_WARN_COMMA = YES;
				CLANG_WARN_CONSTANT_CONVERSION = YES;
				CLANG_WARN_DEPRECATED_OBJC_IMPLEMENTATIONS = YES;
				CLANG_WARN_DIRECT_OBJC_ISA_USAGE = YES_ERROR;
				CLANG_WARN_DOCUMENTATION_COMMENTS = YES;
				CLANG_WARN_EMPTY_BODY = YES;
				CLANG_WARN_ENUM_CONVERSION = YES;
				CLANG_WARN_INFINITE_RECURSION = YES;
				CLANG_WARN_INT_CONVERSION = YES;
				CLANG_WARN_NON_LITERAL_NULL_CONVERSION = YES;
				CLANG_WARN_OBJC_IMPLICIT_RETAIN_SELF = YES;
				CLANG_WARN_OBJC_LITERAL_CONVERSION = YES;
				CLANG_WARN_OBJC_ROOT_CLASS = YES_ERROR;
				CLANG_WARN_RANGE_LOOP_ANALYSIS = YES;
				CLANG_WARN_STRICT_PROTOTYPES = YES;
				CLANG_WARN_SUSPICIOUS_MOVE = YES;
				CLANG_WARN_UNGUARDED_AVAILABILITY = YES_AGGRESSIVE;
				CLANG_WARN_UNREACHABLE_CODE = YES;
				CLANG_WARN__DUPLICATE_METHOD_MATCH = YES;
				CODE_SIGN_IDENTITY = "iPhone Developer";
				COPY_PHASE_STRIP = NO;
				DEBUG_INFORMATION_FORMAT = "dwarf-with-dsym";
				ENABLE_NS_ASSERTIONS = NO;
				ENABLE_STRICT_OBJC_MSGSEND = YES;
				GCC_C_LANGUAGE_STANDARD = gnu11;
				GCC_NO_COMMON_BLOCKS = YES;
				GCC_WARN_64_TO_32_BIT_CONVERSION = YES;
				GCC_WARN_ABOUT_RETURN_TYPE = YES_ERROR;
				GCC_WARN_UNDECLARED_SELECTOR = YES;
				GCC_WARN_UNINITIALIZED_AUTOS = YES_AGGRESSIVE;
				GCC_WARN_UNUSED_FUNCTION = YES;
				GCC_WARN_UNUSED_VARIABLE = YES;
				IPHONEOS_DEPLOYMENT_TARGET = 9.0;
				MTL_ENABLE_DEBUG_INFO = NO;
				SDKROOT = iphoneos;
				SWIFT_COMPILATION_MODE = wholemodule;
				SWIFT_OPTIMIZATION_LEVEL = "-O";
				VALIDATE_PRODUCT = YES;
			};
			name = Release;
		};
		438AA5FA213D416B004D1053 /* Debug */ = {
			isa = XCBuildConfiguration;
			baseConfigurationReference = 5F38F409A51067FCC087361E /* Pods-NaverMapDemo.debug.xcconfig */;
			buildSettings = {
				ASSETCATALOG_COMPILER_APPICON_NAME = AppIcon;
				CODE_SIGN_STYLE = Manual;
				DEVELOPMENT_TEAM = ZLBE8REV9L;
				ENABLE_BITCODE = YES;
				FRAMEWORK_SEARCH_PATHS = (
					"$(inherited)",
					"$(PROJECT_DIR)/Pods/NMapsMap/framework",
				);
				INFOPLIST_FILE = NaverMapDemo/Info.plist;
				IPHONEOS_DEPLOYMENT_TARGET = 9.0;
				LD_RUNPATH_SEARCH_PATHS = (
					"$(inherited)",
					"@executable_path/Frameworks",
					"@loader_path/Frameworks",
					"$(CONFIGURATION_BUILD_DIR)",
				);
				PRODUCT_BUNDLE_IDENTIFIER = com.navercorp.maps.map.demo;
				PRODUCT_NAME = "${TARGET_NAME} dev";
				PROVISIONING_PROFILE_SPECIFIER = "XC Wildcard";
				SWIFT_VERSION = 5.0;
				TARGETED_DEVICE_FAMILY = "1,2";
			};
			name = Debug;
		};
		438AA5FB213D416B004D1053 /* Release */ = {
			isa = XCBuildConfiguration;
			baseConfigurationReference = 2A071A197FD189DE6B8AE134 /* Pods-NaverMapDemo.release.xcconfig */;
			buildSettings = {
				ASSETCATALOG_COMPILER_APPICON_NAME = AppIcon;
				CODE_SIGN_IDENTITY = "iPhone Distribution";
				CODE_SIGN_STYLE = Manual;
				DEVELOPMENT_TEAM = U6VV7FMD97;
				ENABLE_BITCODE = YES;
				FRAMEWORK_SEARCH_PATHS = (
					"$(inherited)",
					"$(PROJECT_DIR)/Pods/NMapsMap/framework",
				);
				INFOPLIST_FILE = NaverMapDemo/Info.plist;
				IPHONEOS_DEPLOYMENT_TARGET = 9.0;
				LD_RUNPATH_SEARCH_PATHS = (
					"$(inherited)",
					"@executable_path/Frameworks",
					"@loader_path/Frameworks",
					"$(CONFIGURATION_BUILD_DIR)",
				);
				PRODUCT_BUNDLE_IDENTIFIER = com.navercorp.maps.map.demo;
				PRODUCT_NAME = "${TARGET_NAME}";
				PROVISIONING_PROFILE_SPECIFIER = "NaverMapDemo InHouse Provisioning Profiles";
				SWIFT_VERSION = 5.0;
				TARGETED_DEVICE_FAMILY = "1,2";
			};
			name = Release;
		};
/* End XCBuildConfiguration section */

/* Begin XCConfigurationList section */
		438AA5E0213D416A004D1053 /* Build configuration list for PBXProject "NaverMapDemo" */ = {
			isa = XCConfigurationList;
			buildConfigurations = (
				438AA5F7213D416B004D1053 /* Debug */,
				438AA5F8213D416B004D1053 /* Release */,
			);
			defaultConfigurationIsVisible = 0;
			defaultConfigurationName = Release;
		};
		438AA5F9213D416B004D1053 /* Build configuration list for PBXNativeTarget "NaverMapDemo" */ = {
			isa = XCConfigurationList;
			buildConfigurations = (
				438AA5FA213D416B004D1053 /* Debug */,
				438AA5FB213D416B004D1053 /* Release */,
			);
			defaultConfigurationIsVisible = 0;
			defaultConfigurationName = Release;
		};
/* End XCConfigurationList section */
	};
	rootObject = 438AA5DD213D416A004D1053 /* Project object */;
}
